
Microsoft Visual Studio Solution File, Format Version 12.00
# Visual Studio Version 16
VisualStudioVersion = 16.0.28922.388
MinimumVisualStudioVersion = 10.0.40219.1
Project("{FAE04EC0-301F-11D3-BF4B-00C04F79EFBC}") = "WindowsServiceTest", "WindowsServiceTest\WindowsServiceTest.csproj", "{F5EFF0A3-B8E1-46A1-A6D0-CB2D1FB0139A}"
EndProject
Global
	GlobalSection(SolutionConfigurationPlatforms) = preSolution
		Debug|Any CPU = Debug|Any CPU
		Release|Any CPU = Release|Any CPU
	EndGlobalSection
	GlobalSection(ProjectConfigurationPlatforms) = postSolution
		{F5EFF0A3-B8E1-46A1-A6D0-CB2D1FB0139A}.Debug|Any CPU.ActiveCfg = Debug|Any CPU
		{F5EFF0A3-B8E1-46A1-A6D0-CB2D1FB0139A}.Debug|Any CPU.Build.0 = Debug|Any CPU
		{F5EFF0A3-B8E1-46A1-A6D0-CB2D1FB0139A}.Release|Any CPU.ActiveCfg = Release|Any CPU
		{F5EFF0A3-B8E1-46A1-A6D0-CB2D1FB0139A}.Release|Any CPU.Build.0 = Release|Any CPU
	EndGlobalSection
	GlobalSection(SolutionProperties) = preSolution
		HideSolutionNode = FALSE
	EndGlobalSection
	GlobalSection(ExtensibilityGlobals) = postSolution
		SolutionGuid = {7CBC6A76-23D7-4E50-9BBF-C577038B53FC}
	EndGlobalSection
EndGlobal
